// !$*UTF8*$!
{
	archiveVersion = 1;
	classes = {
	};
	objectVersion = 56;
	objects = {

/* Begin PBXBuildFile section */
		0D5B72AB2CAEA09B00454C0B /* User.swift in Sources */ = {isa = PBXBuildFile; fileRef = 0D5B72AA2CAEA09B00454C0B /* User.swift */; };
		0D5B72B22CAFFB7600454C0B /* DiaryViewController.swift in Sources */ = {isa = PBXBuildFile; fileRef = 0D5B72B12CAFFB7600454C0B /* DiaryViewController.swift */; };
		0D5B72F92CCB711400454C0B /* LogInViewController.swift in Sources */ = {isa = PBXBuildFile; fileRef = 0D5B72F82CCB711400454C0B /* LogInViewController.swift */; };
		0D5B72FD2CCCF48A00454C0B /* Utils.swift in Sources */ = {isa = PBXBuildFile; fileRef = 0D5B72FC2CCCF48A00454C0B /* Utils.swift */; };
		0D5B73002CCFE9CE00454C0B /* SDWebImage in Frameworks */ = {isa = PBXBuildFile; productRef = 0D5B72FF2CCFE9CE00454C0B /* SDWebImage */; };
		0D8EA1352CA9491B00A30607 /* AppDelegate.swift in Sources */ = {isa = PBXBuildFile; fileRef = 0D8EA1342CA9491B00A30607 /* AppDelegate.swift */; };
		0D8EA1372CA9491B00A30607 /* SceneDelegate.swift in Sources */ = {isa = PBXBuildFile; fileRef = 0D8EA1362CA9491B00A30607 /* SceneDelegate.swift */; };
		0D8EA13C2CA9491B00A30607 /* Base in Resources */ = {isa = PBXBuildFile; fileRef = 0D8EA13B2CA9491B00A30607 /* Base */; };
		0D8EA13E2CA9491C00A30607 /* Assets.xcassets in Resources */ = {isa = PBXBuildFile; fileRef = 0D8EA13D2CA9491C00A30607 /* Assets.xcassets */; };
		0D8EA1412CA9491C00A30607 /* Base in Resources */ = {isa = PBXBuildFile; fileRef = 0D8EA1402CA9491C00A30607 /* Base */; };
		0D8EA1492CA94A1F00A30607 /* GoogleService-Info.plist in Resources */ = {isa = PBXBuildFile; fileRef = 0D8EA1482CA94A1F00A30607 /* GoogleService-Info.plist */; };
		0D8EA14C2CA94B0E00A30607 /* FirebaseAnalytics in Frameworks */ = {isa = PBXBuildFile; productRef = 0D8EA14B2CA94B0E00A30607 /* FirebaseAnalytics */; };
		0D8EA14E2CA94B0E00A30607 /* FirebaseAnalyticsOnDeviceConversion in Frameworks */ = {isa = PBXBuildFile; productRef = 0D8EA14D2CA94B0E00A30607 /* FirebaseAnalyticsOnDeviceConversion */; };
		0D8EA1502CA94B0E00A30607 /* FirebaseAnalyticsWithoutAdIdSupport in Frameworks */ = {isa = PBXBuildFile; productRef = 0D8EA14F2CA94B0E00A30607 /* FirebaseAnalyticsWithoutAdIdSupport */; };
		0D8EA1522CA94B0E00A30607 /* FirebaseAppCheck in Frameworks */ = {isa = PBXBuildFile; productRef = 0D8EA1512CA94B0E00A30607 /* FirebaseAppCheck */; };
		0D8EA1542CA94B0E00A30607 /* FirebaseAppDistribution-Beta in Frameworks */ = {isa = PBXBuildFile; productRef = 0D8EA1532CA94B0E00A30607 /* FirebaseAppDistribution-Beta */; };
		0D8EA1562CA94B0E00A30607 /* FirebaseAuth in Frameworks */ = {isa = PBXBuildFile; productRef = 0D8EA1552CA94B0E00A30607 /* FirebaseAuth */; };
		0D8EA1582CA94B0E00A30607 /* FirebaseAuthCombine-Community in Frameworks */ = {isa = PBXBuildFile; productRef = 0D8EA1572CA94B0E00A30607 /* FirebaseAuthCombine-Community */; };
		0D8EA15A2CA94B0E00A30607 /* FirebaseCrashlytics in Frameworks */ = {isa = PBXBuildFile; productRef = 0D8EA1592CA94B0E00A30607 /* FirebaseCrashlytics */; };
		0D8EA15C2CA94B0E00A30607 /* FirebaseDatabase in Frameworks */ = {isa = PBXBuildFile; productRef = 0D8EA15B2CA94B0E00A30607 /* FirebaseDatabase */; };
		0D8EA15E2CA94B0E00A30607 /* FirebaseDynamicLinks in Frameworks */ = {isa = PBXBuildFile; productRef = 0D8EA15D2CA94B0E00A30607 /* FirebaseDynamicLinks */; };
		0D8EA1602CA94B0E00A30607 /* FirebaseFirestore in Frameworks */ = {isa = PBXBuildFile; productRef = 0D8EA15F2CA94B0E00A30607 /* FirebaseFirestore */; };
		0D8EA1622CA94B0E00A30607 /* FirebaseFirestoreCombine-Community in Frameworks */ = {isa = PBXBuildFile; productRef = 0D8EA1612CA94B0E00A30607 /* FirebaseFirestoreCombine-Community */; };
		0D8EA1642CA94B0E00A30607 /* FirebaseFunctions in Frameworks */ = {isa = PBXBuildFile; productRef = 0D8EA1632CA94B0E00A30607 /* FirebaseFunctions */; };
		0D8EA1662CA94B0E00A30607 /* FirebaseFunctionsCombine-Community in Frameworks */ = {isa = PBXBuildFile; productRef = 0D8EA1652CA94B0E00A30607 /* FirebaseFunctionsCombine-Community */; };
		0D8EA1682CA94B0E00A30607 /* FirebaseInAppMessaging-Beta in Frameworks */ = {isa = PBXBuildFile; productRef = 0D8EA1672CA94B0E00A30607 /* FirebaseInAppMessaging-Beta */; };
		0D8EA16A2CA94B0E00A30607 /* FirebaseInstallations in Frameworks */ = {isa = PBXBuildFile; productRef = 0D8EA1692CA94B0E00A30607 /* FirebaseInstallations */; };
		0D8EA16C2CA94B0E00A30607 /* FirebaseMLModelDownloader in Frameworks */ = {isa = PBXBuildFile; productRef = 0D8EA16B2CA94B0E00A30607 /* FirebaseMLModelDownloader */; };
		0D8EA16E2CA94B0E00A30607 /* FirebaseMessaging in Frameworks */ = {isa = PBXBuildFile; productRef = 0D8EA16D2CA94B0E00A30607 /* FirebaseMessaging */; };
		0D8EA1702CA94B0E00A30607 /* FirebasePerformance in Frameworks */ = {isa = PBXBuildFile; productRef = 0D8EA16F2CA94B0E00A30607 /* FirebasePerformance */; };
		0D8EA1722CA94B0E00A30607 /* FirebaseRemoteConfig in Frameworks */ = {isa = PBXBuildFile; productRef = 0D8EA1712CA94B0E00A30607 /* FirebaseRemoteConfig */; };
		0D8EA1742CA94B0E00A30607 /* FirebaseStorage in Frameworks */ = {isa = PBXBuildFile; productRef = 0D8EA1732CA94B0E00A30607 /* FirebaseStorage */; };
		0D8EA1762CA94B0E00A30607 /* FirebaseStorageCombine-Community in Frameworks */ = {isa = PBXBuildFile; productRef = 0D8EA1752CA94B0E00A30607 /* FirebaseStorageCombine-Community */; };
		0D8EA1782CA94B0E00A30607 /* FirebaseVertexAI-Preview in Frameworks */ = {isa = PBXBuildFile; productRef = 0D8EA1772CA94B0E00A30607 /* FirebaseVertexAI-Preview */; };
		0D8EA17A2CA94FDC00A30607 /* RegisterViewController.swift in Sources */ = {isa = PBXBuildFile; fileRef = 0D8EA1792CA94FDC00A30607 /* RegisterViewController.swift */; };
/* End PBXBuildFile section */

/* Begin PBXFileReference section */
		0D5B72AA2CAEA09B00454C0B /* User.swift */ = {isa = PBXFileReference; lastKnownFileType = sourcecode.swift; path = User.swift; sourceTree = "<group>"; };
		0D5B72B12CAFFB7600454C0B /* DiaryViewController.swift */ = {isa = PBXFileReference; lastKnownFileType = sourcecode.swift; path = DiaryViewController.swift; sourceTree = "<group>"; };
		0D5B72F82CCB711400454C0B /* LogInViewController.swift */ = {isa = PBXFileReference; lastKnownFileType = sourcecode.swift; name = LogInViewController.swift; path = "Life Documentation/LogInViewController.swift"; sourceTree = SOURCE_ROOT; };
		0D5B72FC2CCCF48A00454C0B /* Utils.swift */ = {isa = PBXFileReference; lastKnownFileType = sourcecode.swift; path = Utils.swift; sourceTree = "<group>"; };
		0D8EA1312CA9491B00A30607 /* Life Documentation.app */ = {isa = PBXFileReference; explicitFileType = wrapper.application; includeInIndex = 0; path = "Life Documentation.app"; sourceTree = BUILT_PRODUCTS_DIR; };
		0D8EA1342CA9491B00A30607 /* AppDelegate.swift */ = {isa = PBXFileReference; lastKnownFileType = sourcecode.swift; path = AppDelegate.swift; sourceTree = "<group>"; };
		0D8EA1362CA9491B00A30607 /* SceneDelegate.swift */ = {isa = PBXFileReference; lastKnownFileType = sourcecode.swift; path = SceneDelegate.swift; sourceTree = "<group>"; };
		0D8EA13B2CA9491B00A30607 /* Base */ = {isa = PBXFileReference; lastKnownFileType = file.storyboard; name = Base; path = Base.lproj/Main.storyboard; sourceTree = "<group>"; };
		0D8EA13D2CA9491C00A30607 /* Assets.xcassets */ = {isa = PBXFileReference; lastKnownFileType = folder.assetcatalog; path = Assets.xcassets; sourceTree = "<group>"; };
		0D8EA1402CA9491C00A30607 /* Base */ = {isa = PBXFileReference; lastKnownFileType = file.storyboard; name = Base; path = Base.lproj/LaunchScreen.storyboard; sourceTree = "<group>"; };
		0D8EA1422CA9491C00A30607 /* Info.plist */ = {isa = PBXFileReference; lastKnownFileType = text.plist.xml; path = Info.plist; sourceTree = "<group>"; };
		0D8EA1482CA94A1F00A30607 /* GoogleService-Info.plist */ = {isa = PBXFileReference; fileEncoding = 4; lastKnownFileType = text.plist.xml; path = "GoogleService-Info.plist"; sourceTree = "<group>"; };
		0D8EA1792CA94FDC00A30607 /* RegisterViewController.swift */ = {isa = PBXFileReference; lastKnownFileType = sourcecode.swift; path = RegisterViewController.swift; sourceTree = "<group>"; };
/* End PBXFileReference section */

/* Begin PBXFrameworksBuildPhase section */
		0D8EA12E2CA9491B00A30607 /* Frameworks */ = {
			isa = PBXFrameworksBuildPhase;
			buildActionMask = 2147483647;
			files = (
				0D8EA1762CA94B0E00A30607 /* FirebaseStorageCombine-Community in Frameworks */,
				0D8EA16E2CA94B0E00A30607 /* FirebaseMessaging in Frameworks */,
				0D8EA16C2CA94B0E00A30607 /* FirebaseMLModelDownloader in Frameworks */,
				0D8EA1522CA94B0E00A30607 /* FirebaseAppCheck in Frameworks */,
				0D8EA1562CA94B0E00A30607 /* FirebaseAuth in Frameworks */,
				0D8EA14C2CA94B0E00A30607 /* FirebaseAnalytics in Frameworks */,
				0D8EA1542CA94B0E00A30607 /* FirebaseAppDistribution-Beta in Frameworks */,
				0D8EA1502CA94B0E00A30607 /* FirebaseAnalyticsWithoutAdIdSupport in Frameworks */,
				0D8EA15A2CA94B0E00A30607 /* FirebaseCrashlytics in Frameworks */,
				0D8EA15C2CA94B0E00A30607 /* FirebaseDatabase in Frameworks */,
				0D8EA1662CA94B0E00A30607 /* FirebaseFunctionsCombine-Community in Frameworks */,
				0D8EA1582CA94B0E00A30607 /* FirebaseAuthCombine-Community in Frameworks */,
				0D8EA1742CA94B0E00A30607 /* FirebaseStorage in Frameworks */,
				0D8EA14E2CA94B0E00A30607 /* FirebaseAnalyticsOnDeviceConversion in Frameworks */,
				0D8EA1642CA94B0E00A30607 /* FirebaseFunctions in Frameworks */,
				0D8EA16A2CA94B0E00A30607 /* FirebaseInstallations in Frameworks */,
				0D8EA1702CA94B0E00A30607 /* FirebasePerformance in Frameworks */,
				0D8EA1622CA94B0E00A30607 /* FirebaseFirestoreCombine-Community in Frameworks */,
				0D5B73002CCFE9CE00454C0B /* SDWebImage in Frameworks */,
				0D8EA1602CA94B0E00A30607 /* FirebaseFirestore in Frameworks */,
				0D8EA15E2CA94B0E00A30607 /* FirebaseDynamicLinks in Frameworks */,
				0D8EA1682CA94B0E00A30607 /* FirebaseInAppMessaging-Beta in Frameworks */,
				0D8EA1782CA94B0E00A30607 /* FirebaseVertexAI-Preview in Frameworks */,
				0D8EA1722CA94B0E00A30607 /* FirebaseRemoteConfig in Frameworks */,
			);
			runOnlyForDeploymentPostprocessing = 0;
		};
/* End PBXFrameworksBuildPhase section */

/* Begin PBXGroup section */
		0D8EA1282CA9491A00A30607 = {
			isa = PBXGroup;
			children = (
				0D8EA1332CA9491B00A30607 /* Life Documentation */,
				0D8EA1322CA9491B00A30607 /* Products */,
			);
			sourceTree = "<group>";
		};
		0D8EA1322CA9491B00A30607 /* Products */ = {
			isa = PBXGroup;
			children = (
				0D8EA1312CA9491B00A30607 /* Life Documentation.app */,
			);
			name = Products;
			sourceTree = "<group>";
		};
		0D8EA1332CA9491B00A30607 /* Life Documentation */ = {
			isa = PBXGroup;
			children = (
				0D8EA1482CA94A1F00A30607 /* GoogleService-Info.plist */,
				0D8EA1342CA9491B00A30607 /* AppDelegate.swift */,
				0D8EA1362CA9491B00A30607 /* SceneDelegate.swift */,
				0D5B72AA2CAEA09B00454C0B /* User.swift */,
				0D5B72FC2CCCF48A00454C0B /* Utils.swift */,
				0D5B72F82CCB711400454C0B /* LogInViewController.swift */,
				0D8EA1792CA94FDC00A30607 /* RegisterViewController.swift */,
				0D5B72B12CAFFB7600454C0B /* DiaryViewController.swift */,
				0D8EA13A2CA9491B00A30607 /* Main.storyboard */,
				0D8EA13F2CA9491C00A30607 /* LaunchScreen.storyboard */,
				0D8EA13D2CA9491C00A30607 /* Assets.xcassets */,
				0D8EA1422CA9491C00A30607 /* Info.plist */,
			);
			path = "Life Documentation";
			sourceTree = "<group>";
		};
/* End PBXGroup section */

/* Begin PBXNativeTarget section */
		0D8EA1302CA9491B00A30607 /* Life Documentation */ = {
			isa = PBXNativeTarget;
			buildConfigurationList = 0D8EA1452CA9491C00A30607 /* Build configuration list for PBXNativeTarget "Life Documentation" */;
			buildPhases = (
				0D8EA12D2CA9491B00A30607 /* Sources */,
				0D8EA12E2CA9491B00A30607 /* Frameworks */,
				0D8EA12F2CA9491B00A30607 /* Resources */,
			);
			buildRules = (
			);
			dependencies = (
			);
			name = "Life Documentation";
			packageProductDependencies = (
				0D8EA14B2CA94B0E00A30607 /* FirebaseAnalytics */,
				0D8EA14D2CA94B0E00A30607 /* FirebaseAnalyticsOnDeviceConversion */,
				0D8EA14F2CA94B0E00A30607 /* FirebaseAnalyticsWithoutAdIdSupport */,
				0D8EA1512CA94B0E00A30607 /* FirebaseAppCheck */,
				0D8EA1532CA94B0E00A30607 /* FirebaseAppDistribution-Beta */,
				0D8EA1552CA94B0E00A30607 /* FirebaseAuth */,
				0D8EA1572CA94B0E00A30607 /* FirebaseAuthCombine-Community */,
				0D8EA1592CA94B0E00A30607 /* FirebaseCrashlytics */,
				0D8EA15B2CA94B0E00A30607 /* FirebaseDatabase */,
				0D8EA15D2CA94B0E00A30607 /* FirebaseDynamicLinks */,
				0D8EA15F2CA94B0E00A30607 /* FirebaseFirestore */,
				0D8EA1612CA94B0E00A30607 /* FirebaseFirestoreCombine-Community */,
				0D8EA1632CA94B0E00A30607 /* FirebaseFunctions */,
				0D8EA1652CA94B0E00A30607 /* FirebaseFunctionsCombine-Community */,
				0D8EA1672CA94B0E00A30607 /* FirebaseInAppMessaging-Beta */,
				0D8EA1692CA94B0E00A30607 /* FirebaseInstallations */,
				0D8EA16B2CA94B0E00A30607 /* FirebaseMLModelDownloader */,
				0D8EA16D2CA94B0E00A30607 /* FirebaseMessaging */,
				0D8EA16F2CA94B0E00A30607 /* FirebasePerformance */,
				0D8EA1712CA94B0E00A30607 /* FirebaseRemoteConfig */,
				0D8EA1732CA94B0E00A30607 /* FirebaseStorage */,
				0D8EA1752CA94B0E00A30607 /* FirebaseStorageCombine-Community */,
				0D8EA1772CA94B0E00A30607 /* FirebaseVertexAI-Preview */,
				0D5B72FF2CCFE9CE00454C0B /* SDWebImage */,
			);
			productName = "Life Documentation";
			productReference = 0D8EA1312CA9491B00A30607 /* Life Documentation.app */;
			productType = "com.apple.product-type.application";
		};
/* End PBXNativeTarget section */

/* Begin PBXProject section */
		0D8EA1292CA9491A00A30607 /* Project object */ = {
			isa = PBXProject;
			attributes = {
				BuildIndependentTargetsInParallel = 1;
				LastSwiftUpdateCheck = 1540;
				LastUpgradeCheck = 1540;
				TargetAttributes = {
					0D8EA1302CA9491B00A30607 = {
						CreatedOnToolsVersion = 15.4;
					};
				};
			};
			buildConfigurationList = 0D8EA12C2CA9491A00A30607 /* Build configuration list for PBXProject "Life Documentation" */;
			compatibilityVersion = "Xcode 14.0";
			developmentRegion = en;
			hasScannedForEncodings = 0;
			knownRegions = (
				en,
				Base,
			);
			mainGroup = 0D8EA1282CA9491A00A30607;
			packageReferences = (
				0D8EA14A2CA94B0E00A30607 /* XCRemoteSwiftPackageReference "firebase-ios-sdk" */,
				0D5B72FE2CCFE9CE00454C0B /* XCRemoteSwiftPackageReference "SDWebImage" */,
			);
			productRefGroup = 0D8EA1322CA9491B00A30607 /* Products */;
			projectDirPath = "";
			projectRoot = "";
			targets = (
				0D8EA1302CA9491B00A30607 /* Life Documentation */,
			);
		};
/* End PBXProject section */

/* Begin PBXResourcesBuildPhase section */
		0D8EA12F2CA9491B00A30607 /* Resources */ = {
			isa = PBXResourcesBuildPhase;
			buildActionMask = 2147483647;
			files = (
				0D8EA13E2CA9491C00A30607 /* Assets.xcassets in Resources */,
				0D8EA1412CA9491C00A30607 /* Base in Resources */,
				0D8EA13C2CA9491B00A30607 /* Base in Resources */,
				0D8EA1492CA94A1F00A30607 /* GoogleService-Info.plist in Resources */,
			);
			runOnlyForDeploymentPostprocessing = 0;
		};
/* End PBXResourcesBuildPhase section */

/* Begin PBXSourcesBuildPhase section */
		0D8EA12D2CA9491B00A30607 /* Sources */ = {
			isa = PBXSourcesBuildPhase;
			buildActionMask = 2147483647;
			files = (
				0D5B72AB2CAEA09B00454C0B /* User.swift in Sources */,
				0D5B72B22CAFFB7600454C0B /* DiaryViewController.swift in Sources */,
				0D5B72F92CCB711400454C0B /* LogInViewController.swift in Sources */,
				0D5B72FD2CCCF48A00454C0B /* Utils.swift in Sources */,
				0D8EA17A2CA94FDC00A30607 /* RegisterViewController.swift in Sources */,
				0D8EA1352CA9491B00A30607 /* AppDelegate.swift in Sources */,
				0D8EA1372CA9491B00A30607 /* SceneDelegate.swift in Sources */,
			);
			runOnlyForDeploymentPostprocessing = 0;
		};
/* End PBXSourcesBuildPhase section */

/* Begin PBXVariantGroup section */
		0D8EA13A2CA9491B00A30607 /* Main.storyboard */ = {
			isa = PBXVariantGroup;
			children = (
				0D8EA13B2CA9491B00A30607 /* Base */,
			);
			name = Main.storyboard;
			sourceTree = "<group>";
		};
		0D8EA13F2CA9491C00A30607 /* LaunchScreen.storyboard */ = {
			isa = PBXVariantGroup;
			children = (
				0D8EA1402CA9491C00A30607 /* Base */,
			);
			name = LaunchScreen.storyboard;
			sourceTree = "<group>";
		};
/* End PBXVariantGroup section */

/* Begin XCBuildConfiguration section */
		0D8EA1432CA9491C00A30607 /* Debug */ = {
			isa = XCBuildConfiguration;
			buildSettings = {
				ALWAYS_SEARCH_USER_PATHS = NO;
				ASSETCATALOG_COMPILER_GENERATE_SWIFT_ASSET_SYMBOL_EXTENSIONS = YES;
				CLANG_ANALYZER_NONNULL = YES;
				CLANG_ANALYZER_NUMBER_OBJECT_CONVERSION = YES_AGGRESSIVE;
				CLANG_CXX_LANGUAGE_STANDARD = "gnu++20";
				CLANG_ENABLE_MODULES = YES;
				CLANG_ENABLE_OBJC_ARC = YES;
				CLANG_ENABLE_OBJC_WEAK = YES;
				CLANG_WARN_BLOCK_CAPTURE_AUTORELEASING = YES;
				CLANG_WARN_BOOL_CONVERSION = YES;
				CLANG_WARN_COMMA = YES;
				CLANG_WARN_CONSTANT_CONVERSION = YES;
				CLANG_WARN_DEPRECATED_OBJC_IMPLEMENTATIONS = YES;
				CLANG_WARN_DIRECT_OBJC_ISA_USAGE = YES_ERROR;
				CLANG_WARN_DOCUMENTATION_COMMENTS = YES;
				CLANG_WARN_EMPTY_BODY = YES;
				CLANG_WARN_ENUM_CONVERSION = YES;
				CLANG_WARN_INFINITE_RECURSION = YES;
				CLANG_WARN_INT_CONVERSION = YES;
				CLANG_WARN_NON_LITERAL_NULL_CONVERSION = YES;
				CLANG_WARN_OBJC_IMPLICIT_RETAIN_SELF = YES;
				CLANG_WARN_OBJC_LITERAL_CONVERSION = YES;
				CLANG_WARN_OBJC_ROOT_CLASS = YES_ERROR;
				CLANG_WARN_QUOTED_INCLUDE_IN_FRAMEWORK_HEADER = YES;
				CLANG_WARN_RANGE_LOOP_ANALYSIS = YES;
				CLANG_WARN_STRICT_PROTOTYPES = YES;
				CLANG_WARN_SUSPICIOUS_MOVE = YES;
				CLANG_WARN_UNGUARDED_AVAILABILITY = YES_AGGRESSIVE;
				CLANG_WARN_UNREACHABLE_CODE = YES;
				CLANG_WARN__DUPLICATE_METHOD_MATCH = YES;
				COPY_PHASE_STRIP = NO;
				DEBUG_INFORMATION_FORMAT = dwarf;
				ENABLE_STRICT_OBJC_MSGSEND = YES;
				ENABLE_TESTABILITY = YES;
				ENABLE_USER_SCRIPT_SANDBOXING = YES;
				GCC_C_LANGUAGE_STANDARD = gnu17;
				GCC_DYNAMIC_NO_PIC = NO;
				GCC_NO_COMMON_BLOCKS = YES;
				GCC_OPTIMIZATION_LEVEL = 0;
				GCC_PREPROCESSOR_DEFINITIONS = (
					"DEBUG=1",
					"$(inherited)",
				);
				GCC_WARN_64_TO_32_BIT_CONVERSION = YES;
				GCC_WARN_ABOUT_RETURN_TYPE = YES_ERROR;
				GCC_WARN_UNDECLARED_SELECTOR = YES;
				GCC_WARN_UNINITIALIZED_AUTOS = YES_AGGRESSIVE;
				GCC_WARN_UNUSED_FUNCTION = YES;
				GCC_WARN_UNUSED_VARIABLE = YES;
				IPHONEOS_DEPLOYMENT_TARGET = 17.5;
				LOCALIZATION_PREFERS_STRING_CATALOGS = YES;
				MTL_ENABLE_DEBUG_INFO = INCLUDE_SOURCE;
				MTL_FAST_MATH = YES;
				ONLY_ACTIVE_ARCH = YES;
				SDKROOT = iphoneos;
				SWIFT_ACTIVE_COMPILATION_CONDITIONS = "DEBUG $(inherited)";
				SWIFT_OPTIMIZATION_LEVEL = "-Onone";
			};
			name = Debug;
		};
		0D8EA1442CA9491C00A30607 /* Release */ = {
			isa = XCBuildConfiguration;
			buildSettings = {
				ALWAYS_SEARCH_USER_PATHS = NO;
				ASSETCATALOG_COMPILER_GENERATE_SWIFT_ASSET_SYMBOL_EXTENSIONS = YES;
				CLANG_ANALYZER_NONNULL = YES;
				CLANG_ANALYZER_NUMBER_OBJECT_CONVERSION = YES_AGGRESSIVE;
				CLANG_CXX_LANGUAGE_STANDARD = "gnu++20";
				CLANG_ENABLE_MODULES = YES;
				CLANG_ENABLE_OBJC_ARC = YES;
				CLANG_ENABLE_OBJC_WEAK = YES;
				CLANG_WARN_BLOCK_CAPTURE_AUTORELEASING = YES;
				CLANG_WARN_BOOL_CONVERSION = YES;
				CLANG_WARN_COMMA = YES;
				CLANG_WARN_CONSTANT_CONVERSION = YES;
				CLANG_WARN_DEPRECATED_OBJC_IMPLEMENTATIONS = YES;
				CLANG_WARN_DIRECT_OBJC_ISA_USAGE = YES_ERROR;
				CLANG_WARN_DOCUMENTATION_COMMENTS = YES;
				CLANG_WARN_EMPTY_BODY = YES;
				CLANG_WARN_ENUM_CONVERSION = YES;
				CLANG_WARN_INFINITE_RECURSION = YES;
				CLANG_WARN_INT_CONVERSION = YES;
				CLANG_WARN_NON_LITERAL_NULL_CONVERSION = YES;
				CLANG_WARN_OBJC_IMPLICIT_RETAIN_SELF = YES;
				CLANG_WARN_OBJC_LITERAL_CONVERSION = YES;
				CLANG_WARN_OBJC_ROOT_CLASS = YES_ERROR;
				CLANG_WARN_QUOTED_INCLUDE_IN_FRAMEWORK_HEADER = YES;
				CLANG_WARN_RANGE_LOOP_ANALYSIS = YES;
				CLANG_WARN_STRICT_PROTOTYPES = YES;
				CLANG_WARN_SUSPICIOUS_MOVE = YES;
				CLANG_WARN_UNGUARDED_AVAILABILITY = YES_AGGRESSIVE;
				CLANG_WARN_UNREACHABLE_CODE = YES;
				CLANG_WARN__DUPLICATE_METHOD_MATCH = YES;
				COPY_PHASE_STRIP = NO;
				DEBUG_INFORMATION_FORMAT = "dwarf-with-dsym";
				ENABLE_NS_ASSERTIONS = NO;
				ENABLE_STRICT_OBJC_MSGSEND = YES;
				ENABLE_USER_SCRIPT_SANDBOXING = YES;
				GCC_C_LANGUAGE_STANDARD = gnu17;
				GCC_NO_COMMON_BLOCKS = YES;
				GCC_WARN_64_TO_32_BIT_CONVERSION = YES;
				GCC_WARN_ABOUT_RETURN_TYPE = YES_ERROR;
				GCC_WARN_UNDECLARED_SELECTOR = YES;
				GCC_WARN_UNINITIALIZED_AUTOS = YES_AGGRESSIVE;
				GCC_WARN_UNUSED_FUNCTION = YES;
				GCC_WARN_UNUSED_VARIABLE = YES;
				IPHONEOS_DEPLOYMENT_TARGET = 17.5;
				LOCALIZATION_PREFERS_STRING_CATALOGS = YES;
				MTL_ENABLE_DEBUG_INFO = NO;
				MTL_FAST_MATH = YES;
				SDKROOT = iphoneos;
				SWIFT_COMPILATION_MODE = wholemodule;
				VALIDATE_PRODUCT = YES;
			};
			name = Release;
		};
		0D8EA1462CA9491C00A30607 /* Debug */ = {
			isa = XCBuildConfiguration;
			buildSettings = {
				ASSETCATALOG_COMPILER_APPICON_NAME = AppIcon;
				ASSETCATALOG_COMPILER_GLOBAL_ACCENT_COLOR_NAME = AccentColor;
				CODE_SIGN_STYLE = Automatic;
				CURRENT_PROJECT_VERSION = 1;
				DEVELOPMENT_TEAM = FUY7Q7WR79;
				GENERATE_INFOPLIST_FILE = YES;
				INFOPLIST_FILE = "Life Documentation/Info.plist";
				INFOPLIST_KEY_UIApplicationSupportsIndirectInputEvents = YES;
				INFOPLIST_KEY_UILaunchStoryboardName = LaunchScreen;
				INFOPLIST_KEY_UIMainStoryboardFile = Main;
				INFOPLIST_KEY_UISupportedInterfaceOrientations_iPad = "UIInterfaceOrientationPortrait UIInterfaceOrientationPortraitUpsideDown UIInterfaceOrientationLandscapeLeft UIInterfaceOrientationLandscapeRight";
				INFOPLIST_KEY_UISupportedInterfaceOrientations_iPhone = "UIInterfaceOrientationPortrait UIInterfaceOrientationLandscapeLeft UIInterfaceOrientationLandscapeRight";
				LD_RUNPATH_SEARCH_PATHS = (
					"$(inherited)",
					"@executable_path/Frameworks",
				);
				MARKETING_VERSION = 1.0;
				PRODUCT_BUNDLE_IDENTIFIER = "com.Rabbit.Life-Documentation";
				PRODUCT_NAME = "$(TARGET_NAME)";
				SWIFT_EMIT_LOC_STRINGS = YES;
				SWIFT_VERSION = 5.0;
				TARGETED_DEVICE_FAMILY = "1,2";
			};
			name = Debug;
		};
		0D8EA1472CA9491C00A30607 /* Release */ = {
			isa = XCBuildConfiguration;
			buildSettings = {
				ASSETCATALOG_COMPILER_APPICON_NAME = AppIcon;
				ASSETCATALOG_COMPILER_GLOBAL_ACCENT_COLOR_NAME = AccentColor;
				CODE_SIGN_STYLE = Automatic;
				CURRENT_PROJECT_VERSION = 1;
				DEVELOPMENT_TEAM = FUY7Q7WR79;
				GENERATE_INFOPLIST_FILE = YES;
				INFOPLIST_FILE = "Life Documentation/Info.plist";
				INFOPLIST_KEY_UIApplicationSupportsIndirectInputEvents = YES;
				INFOPLIST_KEY_UILaunchStoryboardName = LaunchScreen;
				INFOPLIST_KEY_UIMainStoryboardFile = Main;
				INFOPLIST_KEY_UISupportedInterfaceOrientations_iPad = "UIInterfaceOrientationPortrait UIInterfaceOrientationPortraitUpsideDown UIInterfaceOrientationLandscapeLeft UIInterfaceOrientationLandscapeRight";
				INFOPLIST_KEY_UISupportedInterfaceOrientations_iPhone = "UIInterfaceOrientationPortrait UIInterfaceOrientationLandscapeLeft UIInterfaceOrientationLandscapeRight";
				LD_RUNPATH_SEARCH_PATHS = (
					"$(inherited)",
					"@executable_path/Frameworks",
				);
				MARKETING_VERSION = 1.0;
				PRODUCT_BUNDLE_IDENTIFIER = "com.Rabbit.Life-Documentation";
				PRODUCT_NAME = "$(TARGET_NAME)";
				SWIFT_EMIT_LOC_STRINGS = YES;
				SWIFT_VERSION = 5.0;
				TARGETED_DEVICE_FAMILY = "1,2";
			};
			name = Release;
		};
/* End XCBuildConfiguration section */

/* Begin XCConfigurationList section */
		0D8EA12C2CA9491A00A30607 /* Build configuration list for PBXProject "Life Documentation" */ = {
			isa = XCConfigurationList;
			buildConfigurations = (
				0D8EA1432CA9491C00A30607 /* Debug */,
				0D8EA1442CA9491C00A30607 /* Release */,
			);
			defaultConfigurationIsVisible = 0;
			defaultConfigurationName = Release;
		};
		0D8EA1452CA9491C00A30607 /* Build configuration list for PBXNativeTarget "Life Documentation" */ = {
			isa = XCConfigurationList;
			buildConfigurations = (
				0D8EA1462CA9491C00A30607 /* Debug */,
				0D8EA1472CA9491C00A30607 /* Release */,
			);
			defaultConfigurationIsVisible = 0;
			defaultConfigurationName = Release;
		};
/* End XCConfigurationList section */

/* Begin XCRemoteSwiftPackageReference section */
		0D5B72FE2CCFE9CE00454C0B /* XCRemoteSwiftPackageReference "SDWebImage" */ = {
			isa = XCRemoteSwiftPackageReference;
			repositoryURL = "https://github.com/SDWebImage/SDWebImage";
			requirement = {
				kind = upToNextMajorVersion;
				minimumVersion = 5.19.7;
			};
		};
		0D8EA14A2CA94B0E00A30607 /* XCRemoteSwiftPackageReference "firebase-ios-sdk" */ = {
			isa = XCRemoteSwiftPackageReference;
			repositoryURL = "https://github.com/firebase/firebase-ios-sdk";
			requirement = {
				kind = upToNextMajorVersion;
				minimumVersion = 11.2.0;
			};
		};
/* End XCRemoteSwiftPackageReference section */

/* Begin XCSwiftPackageProductDependency section */
		0D5B72FF2CCFE9CE00454C0B /* SDWebImage */ = {
			isa = XCSwiftPackageProductDependency;
			package = 0D5B72FE2CCFE9CE00454C0B /* XCRemoteSwiftPackageReference "SDWebImage" */;
			productName = SDWebImage;
		};
		0D8EA14B2CA94B0E00A30607 /* FirebaseAnalytics */ = {
			isa = XCSwiftPackageProductDependency;
			package = 0D8EA14A2CA94B0E00A30607 /* XCRemoteSwiftPackageReference "firebase-ios-sdk" */;
			productName = FirebaseAnalytics;
		};
		0D8EA14D2CA94B0E00A30607 /* FirebaseAnalyticsOnDeviceConversion */ = {
			isa = XCSwiftPackageProductDependency;
			package = 0D8EA14A2CA94B0E00A30607 /* XCRemoteSwiftPackageReference "firebase-ios-sdk" */;
			productName = FirebaseAnalyticsOnDeviceConversion;
		};
		0D8EA14F2CA94B0E00A30607 /* FirebaseAnalyticsWithoutAdIdSupport */ = {
			isa = XCSwiftPackageProductDependency;
			package = 0D8EA14A2CA94B0E00A30607 /* XCRemoteSwiftPackageReference "firebase-ios-sdk" */;
			productName = FirebaseAnalyticsWithoutAdIdSupport;
		};
		0D8EA1512CA94B0E00A30607 /* FirebaseAppCheck */ = {
			isa = XCSwiftPackageProductDependency;
			package = 0D8EA14A2CA94B0E00A30607 /* XCRemoteSwiftPackageReference "firebase-ios-sdk" */;
			productName = FirebaseAppCheck;
		};
		0D8EA1532CA94B0E00A30607 /* FirebaseAppDistribution-Beta */ = {
			isa = XCSwiftPackageProductDependency;
			package = 0D8EA14A2CA94B0E00A30607 /* XCRemoteSwiftPackageReference "firebase-ios-sdk" */;
			productName = "FirebaseAppDistribution-Beta";
		};
		0D8EA1552CA94B0E00A30607 /* FirebaseAuth */ = {
			isa = XCSwiftPackageProductDependency;
			package = 0D8EA14A2CA94B0E00A30607 /* XCRemoteSwiftPackageReference "firebase-ios-sdk" */;
			productName = FirebaseAuth;
		};
		0D8EA1572CA94B0E00A30607 /* FirebaseAuthCombine-Community */ = {
			isa = XCSwiftPackageProductDependency;
			package = 0D8EA14A2CA94B0E00A30607 /* XCRemoteSwiftPackageReference "firebase-ios-sdk" */;
			productName = "FirebaseAuthCombine-Community";
		};
		0D8EA1592CA94B0E00A30607 /* FirebaseCrashlytics */ = {
			isa = XCSwiftPackageProductDependency;
			package = 0D8EA14A2CA94B0E00A30607 /* XCRemoteSwiftPackageReference "firebase-ios-sdk" */;
			productName = FirebaseCrashlytics;
		};
		0D8EA15B2CA94B0E00A30607 /* FirebaseDatabase */ = {
			isa = XCSwiftPackageProductDependency;
			package = 0D8EA14A2CA94B0E00A30607 /* XCRemoteSwiftPackageReference "firebase-ios-sdk" */;
			productName = FirebaseDatabase;
		};
		0D8EA15D2CA94B0E00A30607 /* FirebaseDynamicLinks */ = {
			isa = XCSwiftPackageProductDependency;
			package = 0D8EA14A2CA94B0E00A30607 /* XCRemoteSwiftPackageReference "firebase-ios-sdk" */;
			productName = FirebaseDynamicLinks;
		};
		0D8EA15F2CA94B0E00A30607 /* FirebaseFirestore */ = {
			isa = XCSwiftPackageProductDependency;
			package = 0D8EA14A2CA94B0E00A30607 /* XCRemoteSwiftPackageReference "firebase-ios-sdk" */;
			productName = FirebaseFirestore;
		};
		0D8EA1612CA94B0E00A30607 /* FirebaseFirestoreCombine-Community */ = {
			isa = XCSwiftPackageProductDependency;
			package = 0D8EA14A2CA94B0E00A30607 /* XCRemoteSwiftPackageReference "firebase-ios-sdk" */;
			productName = "FirebaseFirestoreCombine-Community";
		};
		0D8EA1632CA94B0E00A30607 /* FirebaseFunctions */ = {
			isa = XCSwiftPackageProductDependency;
			package = 0D8EA14A2CA94B0E00A30607 /* XCRemoteSwiftPackageReference "firebase-ios-sdk" */;
			productName = FirebaseFunctions;
		};
		0D8EA1652CA94B0E00A30607 /* FirebaseFunctionsCombine-Community */ = {
			isa = XCSwiftPackageProductDependency;
			package = 0D8EA14A2CA94B0E00A30607 /* XCRemoteSwiftPackageReference "firebase-ios-sdk" */;
			productName = "FirebaseFunctionsCombine-Community";
		};
		0D8EA1672CA94B0E00A30607 /* FirebaseInAppMessaging-Beta */ = {
			isa = XCSwiftPackageProductDependency;
			package = 0D8EA14A2CA94B0E00A30607 /* XCRemoteSwiftPackageReference "firebase-ios-sdk" */;
			productName = "FirebaseInAppMessaging-Beta";
		};
		0D8EA1692CA94B0E00A30607 /* FirebaseInstallations */ = {
			isa = XCSwiftPackageProductDependency;
			package = 0D8EA14A2CA94B0E00A30607 /* XCRemoteSwiftPackageReference "firebase-ios-sdk" */;
			productName = FirebaseInstallations;
		};
		0D8EA16B2CA94B0E00A30607 /* FirebaseMLModelDownloader */ = {
			isa = XCSwiftPackageProductDependency;
			package = 0D8EA14A2CA94B0E00A30607 /* XCRemoteSwiftPackageReference "firebase-ios-sdk" */;
			productName = FirebaseMLModelDownloader;
		};
		0D8EA16D2CA94B0E00A30607 /* FirebaseMessaging */ = {
			isa = XCSwiftPackageProductDependency;
			package = 0D8EA14A2CA94B0E00A30607 /* XCRemoteSwiftPackageReference "firebase-ios-sdk" */;
			productName = FirebaseMessaging;
		};
		0D8EA16F2CA94B0E00A30607 /* FirebasePerformance */ = {
			isa = XCSwiftPackageProductDependency;
			package = 0D8EA14A2CA94B0E00A30607 /* XCRemoteSwiftPackageReference "firebase-ios-sdk" */;
			productName = FirebasePerformance;
		};
		0D8EA1712CA94B0E00A30607 /* FirebaseRemoteConfig */ = {
			isa = XCSwiftPackageProductDependency;
			package = 0D8EA14A2CA94B0E00A30607 /* XCRemoteSwiftPackageReference "firebase-ios-sdk" */;
			productName = FirebaseRemoteConfig;
		};
		0D8EA1732CA94B0E00A30607 /* FirebaseStorage */ = {
			isa = XCSwiftPackageProductDependency;
			package = 0D8EA14A2CA94B0E00A30607 /* XCRemoteSwiftPackageReference "firebase-ios-sdk" */;
			productName = FirebaseStorage;
		};
		0D8EA1752CA94B0E00A30607 /* FirebaseStorageCombine-Community */ = {
			isa = XCSwiftPackageProductDependency;
			package = 0D8EA14A2CA94B0E00A30607 /* XCRemoteSwiftPackageReference "firebase-ios-sdk" */;
			productName = "FirebaseStorageCombine-Community";
		};
		0D8EA1772CA94B0E00A30607 /* FirebaseVertexAI-Preview */ = {
			isa = XCSwiftPackageProductDependency;
			package = 0D8EA14A2CA94B0E00A30607 /* XCRemoteSwiftPackageReference "firebase-ios-sdk" */;
			productName = "FirebaseVertexAI-Preview";
		};
/* End XCSwiftPackageProductDependency section */
	};
	rootObject = 0D8EA1292CA9491A00A30607 /* Project object */;
}
